<?xml version="1.0" encoding="utf-8"?>
<Project ToolsVersion="4.0" xmlns="http://schemas.microsoft.com/developer/msbuild/2003">
  <ItemGroup>
    <Filter Include="Source Files">
      <UniqueIdentifier>{4FC737F1-C7A5-4376-A066-2A32D752A2FF}</UniqueIdentifier>
      <Extensions>cpp;c;cc;cxx;def;odl;idl;hpj;bat;asm;asmx</Extensions>
    </Filter>
    <Filter Include="Header Files">
      <UniqueIdentifier>{93995380-89BD-4b04-88EB-625FBE52EBFB}</UniqueIdentifier>
      <Extensions>h;hh;hpp;hxx;hm;inl;inc;ipp;xsd</Extensions>
    </Filter>
    <Filter Include="Resource Files">
      <UniqueIdentifier>{67DA6AB6-F800-4c08-8B7A-83BB121AAD01}</UniqueIdentifier>
      <Extensions>rc;ico;cur;bmp;dlg;rc2;rct;bin;rgs;gif;jpg;jpeg;jpe;resx;tiff;tif;png;wav;mfcribbon-ms</Extensions>
    </Filter>
  </ItemGroup>
  <ItemGroup>
    <ClInclude Include="src\AMR_Java_Interface.h">
      <Filter>Header Files</Filter>
    </ClInclude>
    <ClInclude Include="src\AMR_CS_Interface.h">
      <Filter>Header Files</Filter>
    </ClInclude>
    <ClInclude Include="src\com_amr_cp_App.h">
      <Filter>Header Files</Filter>
    </ClInclude>
    <ClInclude Include="src\AMR\TrustedState.h">
      <Filter>Header Files</Filter>
    </ClInclude>
    <ClInclude Include="src\AMR\CommitmentState.h">
      <Filter>Header Files</Filter>
    </ClInclude>
    <ClInclude Include="src\AMR\Fact.h">
      <Filter>Header Files</Filter>
    </ClInclude>
    <ClInclude Include="src\AMR\FileIO.h">
      <Filter>Header Files</Filter>
    </ClInclude>
    <ClInclude Include="src\AMR\Greeting.h">
      <Filter>Header Files</Filter>
    </ClInclude>
    <ClInclude Include="src\AMR\HasKnowledgeState.h">
      <Filter>Header Files</Filter>
    </ClInclude>
    <ClInclude Include="src\AMR\Knowledge.h">
      <Filter>Header Files</Filter>
    </ClInclude>
    <ClInclude Include="src\AMR\NoKnowledgeState.h">
      <Filter>Header Files</Filter>
    </ClInclude>
    <ClInclude Include="src\AMR\NPC.h">
      <Filter>Header Files</Filter>
    </ClInclude>
    <ClInclude Include="src\AMR\NPCPlayerRelationShip.h">
      <Filter>Header Files</Filter>
    </ClInclude>
    <ClInclude Include="src\AMR\NPCState.h">
      <Filter>Header Files</Filter>
    </ClInclude>
    <ClInclude Include="src\AMR\Player.h">
      <Filter>Header Files</Filter>
    </ClInclude>
    <ClInclude Include="src\AMR\ReliableState.h">
      <Filter>Header Files</Filter>
    </ClInclude>
    <ClInclude Include="src\AMR\Util\StringUtil.h">
      <Filter>Header Files</Filter>
    </ClInclude>
    <ClInclude Include="src\AMR\Script.h">
      <Filter>Header Files</Filter>
    </ClInclude>
    <ClInclude Include="src\AMR\Analyser.h">
      <Filter>Header Files</Filter>
    </ClInclude>
    <ClInclude Include="src\AMR\Core\Core.h">
      <Filter>Header Files</Filter>
    </ClInclude>
    <ClInclude Include="src\AMR\Trust\Stereotype.h">
      <Filter>Header Files</Filter>
    </ClInclude>
    <ClInclude Include="src\AMR\Trust\Disclosure.h">
      <Filter>Header Files</Filter>
    </ClInclude>
  </ItemGroup>
  <ItemGroup>
    <ClCompile Include="src\AMR_Java_Interface.cpp">
      <Filter>Source Files</Filter>
    </ClCompile>
    <ClCompile Include="src\AMR_CS_Interface.cpp">
      <Filter>Source Files</Filter>
    </ClCompile>
    <ClCompile Include="src\AMR\Fact.cpp">
      <Filter>Source Files</Filter>
    </ClCompile>
    <ClCompile Include="src\AMR\FileIO.cpp">
      <Filter>Source Files</Filter>
    </ClCompile>
    <ClCompile Include="src\AMR\Greeting.cpp">
      <Filter>Source Files</Filter>
    </ClCompile>
    <ClCompile Include="src\AMR\Knowledge.cpp">
      <Filter>Source Files</Filter>
    </ClCompile>
    <ClCompile Include="src\AMR\NPC.cpp">
      <Filter>Source Files</Filter>
    </ClCompile>
    <ClCompile Include="src\AMR\NPCPlayerRelationShip.cpp">
      <Filter>Source Files</Filter>
    </ClCompile>
    <ClCompile Include="src\AMR\Player.cpp">
      <Filter>Source Files</Filter>
    </ClCompile>
    <ClCompile Include="src\AMR\Util\StringUtil.cpp">
      <Filter>Source Files</Filter>
    </ClCompile>
    <ClCompile Include="src\AMR\Script.cpp">
      <Filter>Source Files</Filter>
    </ClCompile>
    <ClCompile Include="src\AMR\Analyser.cpp">
      <Filter>Source Files</Filter>
    </ClCompile>
    <ClCompile Include="src\AMR\Trust\Disclosure.cpp">
      <Filter>Source Files</Filter>
    </ClCompile>
    <ClCompile Include="src\AMR\Trust\Stereotype.cpp">
      <Filter>Source Files</Filter>
    </ClCompile>
  </ItemGroup>
</Project>